{
  "name": "gl-tiled",
  "version": "1.0.0",
  "lockfileVersion": 1,
  "requires": true,
  "dependencies": {
    "@types/gl-matrix": {
      "version": "https://registry.npmjs.org/@types/gl-matrix/-/gl-matrix-2.3.0.tgz",
      "integrity": "sha1-MHLvjscTsFvPLjlJ4F2F6mKh87U=",
      "dev": true
    },
    "acorn": {
      "version": "https://registry.npmjs.org/acorn/-/acorn-5.1.2.tgz",
      "integrity": "sha1-kRy1PgNoB88Pp3jcXTcPvYZCRtc=",
      "dev": true
    },
    "arr-diff": {
      "version": "https://registry.npmjs.org/arr-diff/-/arr-diff-2.0.0.tgz",
      "integrity": "sha1-jzuCf5Vai9ZpaX5KQlasPOrjVs8=",
      "dev": true,
      "requires": {
        "arr-flatten": "https://registry.npmjs.org/arr-flatten/-/arr-flatten-1.1.0.tgz"
      }
    },
    "arr-flatten": {
      "version": "https://registry.npmjs.org/arr-flatten/-/arr-flatten-1.1.0.tgz",
      "integrity": "sha1-NgSLv/TntH4TZkQxbJlmnqWukfE=",
      "dev": true
    },
    "array-unique": {
      "version": "https://registry.npmjs.org/array-unique/-/array-unique-0.2.1.tgz",
      "integrity": "sha1-odl8yvy8JiXMcPrc6zalDFiwGlM=",
      "dev": true
    },
    "balanced-match": {
      "version": "https://registry.npmjs.org/balanced-match/-/balanced-match-1.0.0.tgz",
      "integrity": "sha1-ibTRmasr7kneFk6gK4nORi1xt2c=",
      "dev": true
    },
    "brace-expansion": {
      "version": "https://registry.npmjs.org/brace-expansion/-/brace-expansion-1.1.8.tgz",
      "integrity": "sha1-wHshHHyVLsH479Uad+8NHTmQopI=",
      "dev": true,
      "requires": {
        "balanced-match": "https://registry.npmjs.org/balanced-match/-/balanced-match-1.0.0.tgz",
        "concat-map": "https://registry.npmjs.org/concat-map/-/concat-map-0.0.1.tgz"
      }
    },
    "braces": {
      "version": "https://registry.npmjs.org/braces/-/braces-1.8.5.tgz",
      "integrity": "sha1-uneWLhLf+WnWt2cR6RS3N4V79qc=",
      "dev": true,
      "requires": {
        "expand-range": "https://registry.npmjs.org/expand-range/-/expand-range-1.8.2.tgz",
        "preserve": "https://registry.npmjs.org/preserve/-/preserve-0.2.0.tgz",
        "repeat-element": "https://registry.npmjs.org/repeat-element/-/repeat-element-1.1.2.tgz"
      }
    },
    "browser-resolve": {
      "version": "https://registry.npmjs.org/browser-resolve/-/browser-resolve-1.11.2.tgz",
      "integrity": "sha1-j/CbCixCFxihBRwmCzLkj0QpOM4=",
      "dev": true,
      "requires": {
        "resolve": "https://registry.npmjs.org/resolve/-/resolve-1.1.7.tgz"
      },
      "dependencies": {
        "resolve": {
          "version": "https://registry.npmjs.org/resolve/-/resolve-1.1.7.tgz",
          "integrity": "sha1-IDEU2CrSxe2ejgQRs5ModeiJ6Xs=",
          "dev": true
        }
      }
    },
    "builtin-modules": {
      "version": "https://registry.npmjs.org/builtin-modules/-/builtin-modules-1.1.1.tgz",
      "integrity": "sha1-Jw8HbFpywC9bZaR9+Uxf46J4iS8=",
      "dev": true
    },
    "concat-map": {
      "version": "https://registry.npmjs.org/concat-map/-/concat-map-0.0.1.tgz",
      "integrity": "sha1-2Klr13/Wjfd5OnMDajug1UBdR3s=",
      "dev": true
    },
    "estree-walker": {
      "version": "https://registry.npmjs.org/estree-walker/-/estree-walker-0.2.1.tgz",
      "integrity": "sha1-va/oCVOD2EFNXcLs9MkXO225QS4=",
      "dev": true
    },
    "expand-brackets": {
      "version": "https://registry.npmjs.org/expand-brackets/-/expand-brackets-0.1.5.tgz",
      "integrity": "sha1-3wcoTjQqgHzXM6xa9yQR5YHRF3s=",
      "dev": true,
      "requires": {
        "is-posix-bracket": "https://registry.npmjs.org/is-posix-bracket/-/is-posix-bracket-0.1.1.tgz"
      }
    },
    "expand-range": {
      "version": "https://registry.npmjs.org/expand-range/-/expand-range-1.8.2.tgz",
      "integrity": "sha1-opnv/TNf4nIeuujiV+x5ZE/IUzc=",
      "dev": true,
      "requires": {
        "fill-range": "https://registry.npmjs.org/fill-range/-/fill-range-2.2.3.tgz"
      }
    },
    "extglob": {
      "version": "https://registry.npmjs.org/extglob/-/extglob-0.3.2.tgz",
      "integrity": "sha1-Lhj/PS9JqydlzskCPwEdqo2DSaE=",
      "dev": true,
      "requires": {
        "is-extglob": "https://registry.npmjs.org/is-extglob/-/is-extglob-1.0.0.tgz"
      }
    },
    "filename-regex": {
      "version": "https://registry.npmjs.org/filename-regex/-/filename-regex-2.0.1.tgz",
      "integrity": "sha1-wcS5vuPglyXdsQa3XB4wH+LxiyY=",
      "dev": true
    },
    "fill-range": {
      "version": "https://registry.npmjs.org/fill-range/-/fill-range-2.2.3.tgz",
      "integrity": "sha1-ULd9/X5Gm8dJJHCWNpn+eoSFpyM=",
      "dev": true,
      "requires": {
        "is-number": "https://registry.npmjs.org/is-number/-/is-number-2.1.0.tgz",
        "isobject": "https://registry.npmjs.org/isobject/-/isobject-2.1.0.tgz",
        "randomatic": "https://registry.npmjs.org/randomatic/-/randomatic-1.1.7.tgz",
        "repeat-element": "https://registry.npmjs.org/repeat-element/-/repeat-element-1.1.2.tgz",
        "repeat-string": "https://registry.npmjs.org/repeat-string/-/repeat-string-1.6.1.tgz"
      }
    },
    "for-in": {
      "version": "https://registry.npmjs.org/for-in/-/for-in-1.0.2.tgz",
      "integrity": "sha1-gQaNKVqBQuwKxybG4iAMMPttXoA=",
      "dev": true
    },
    "for-own": {
      "version": "https://registry.npmjs.org/for-own/-/for-own-0.1.5.tgz",
      "integrity": "sha1-UmXGgaTylNq78XyVCbZ2OqhFEM4=",
      "dev": true,
      "requires": {
        "for-in": "https://registry.npmjs.org/for-in/-/for-in-1.0.2.tgz"
      }
    },
    "fs-extra": {
      "version": "https://registry.npmjs.org/fs-extra/-/fs-extra-4.0.2.tgz",
      "integrity": "sha1-+RcExT0bRh+JNFKwwwfZmXZHq2s=",
      "dev": true,
      "requires": {
        "graceful-fs": "https://registry.npmjs.org/graceful-fs/-/graceful-fs-4.1.11.tgz",
        "jsonfile": "https://registry.npmjs.org/jsonfile/-/jsonfile-4.0.0.tgz",
        "universalify": "https://registry.npmjs.org/universalify/-/universalify-0.1.1.tgz"
      }
    },
    "gl-matrix": {
      "version": "https://registry.npmjs.org/gl-matrix/-/gl-matrix-2.4.0.tgz",
      "integrity": "sha1-IImxMwGinuyCLZ2Z3/wfeO6aPFA="
    },
    "glob-base": {
      "version": "https://registry.npmjs.org/glob-base/-/glob-base-0.3.0.tgz",
      "integrity": "sha1-27Fk9iIbHAscz4Kuoyi0l98Oo8Q=",
      "dev": true,
      "requires": {
        "glob-parent": "https://registry.npmjs.org/glob-parent/-/glob-parent-2.0.0.tgz",
        "is-glob": "https://registry.npmjs.org/is-glob/-/is-glob-2.0.1.tgz"
      }
    },
    "glob-parent": {
      "version": "https://registry.npmjs.org/glob-parent/-/glob-parent-2.0.0.tgz",
      "integrity": "sha1-gTg9ctsFT8zPUzbaqQLxgvbtuyg=",
      "dev": true,
      "requires": {
        "is-glob": "https://registry.npmjs.org/is-glob/-/is-glob-2.0.1.tgz"
      }
    },
    "graceful-fs": {
      "version": "https://registry.npmjs.org/graceful-fs/-/graceful-fs-4.1.11.tgz",
      "integrity": "sha1-Dovf5NHduIVNZOBOp8AOKgJuVlg=",
      "dev": true
    },
    "is-buffer": {
      "version": "https://registry.npmjs.org/is-buffer/-/is-buffer-1.1.5.tgz",
      "integrity": "sha1-Hzsm72E7IUuIy8ojzGwB2Hlh7sw=",
      "dev": true
    },
    "is-dotfile": {
      "version": "https://registry.npmjs.org/is-dotfile/-/is-dotfile-1.0.3.tgz",
      "integrity": "sha1-pqLzL/0t+wT1yiXs0Pa4PPeYoeE=",
      "dev": true
    },
    "is-equal-shallow": {
      "version": "https://registry.npmjs.org/is-equal-shallow/-/is-equal-shallow-0.1.3.tgz",
      "integrity": "sha1-IjgJj8Ih3gvPpdnqxMRdY4qhxTQ=",
      "dev": true,
      "requires": {
        "is-primitive": "https://registry.npmjs.org/is-primitive/-/is-primitive-2.0.0.tgz"
      }
    },
    "is-extendable": {
      "version": "https://registry.npmjs.org/is-extendable/-/is-extendable-0.1.1.tgz",
      "integrity": "sha1-YrEQ4omkcUGOPsNqYX1HLjAd/Ik=",
      "dev": true
    },
    "is-extglob": {
      "version": "https://registry.npmjs.org/is-extglob/-/is-extglob-1.0.0.tgz",
      "integrity": "sha1-rEaBd8SUNAWgkvyPKXYMb/xiBsA=",
      "dev": true
    },
    "is-glob": {
      "version": "https://registry.npmjs.org/is-glob/-/is-glob-2.0.1.tgz",
      "integrity": "sha1-0Jb5JqPe1WAPP9/ZEZjLCIjC2GM=",
      "dev": true,
      "requires": {
        "is-extglob": "https://registry.npmjs.org/is-extglob/-/is-extglob-1.0.0.tgz"
      }
    },
    "is-module": {
      "version": "https://registry.npmjs.org/is-module/-/is-module-1.0.0.tgz",
      "integrity": "sha1-Mlj7afeMFNW4FdZkM2tM/7ZEFZE=",
      "dev": true
    },
    "is-number": {
      "version": "https://registry.npmjs.org/is-number/-/is-number-2.1.0.tgz",
      "integrity": "sha1-Afy7s5NGOlSPL0ZszhbezknbkI8=",
      "dev": true,
      "requires": {
        "kind-of": "https://registry.npmjs.org/kind-of/-/kind-of-3.2.2.tgz"
      }
    },
    "is-posix-bracket": {
      "version": "https://registry.npmjs.org/is-posix-bracket/-/is-posix-bracket-0.1.1.tgz",
      "integrity": "sha1-MzTceXdDaOkvAW5vvAqI9c1ua8Q=",
      "dev": true
    },
    "is-primitive": {
      "version": "https://registry.npmjs.org/is-primitive/-/is-primitive-2.0.0.tgz",
      "integrity": "sha1-IHurkWOEmcB7Kt8kCkGochADRXU=",
      "dev": true
    },
    "isarray": {
      "version": "https://registry.npmjs.org/isarray/-/isarray-1.0.0.tgz",
      "integrity": "sha1-u5NdSFgsuhaMBoNJV6VKPgcSTxE=",
      "dev": true
    },
    "isobject": {
      "version": "https://registry.npmjs.org/isobject/-/isobject-2.1.0.tgz",
      "integrity": "sha1-8GVWEJaj8dou9GJy+BXIQNh+DIk=",
      "dev": true,
      "requires": {
        "isarray": "https://registry.npmjs.org/isarray/-/isarray-1.0.0.tgz"
      }
    },
    "jsonfile": {
      "version": "https://registry.npmjs.org/jsonfile/-/jsonfile-4.0.0.tgz",
      "integrity": "sha1-h3Gq4HmbZAdrdmQPygWPnBDjPss=",
      "dev": true,
      "requires": {
        "graceful-fs": "https://registry.npmjs.org/graceful-fs/-/graceful-fs-4.1.11.tgz"
      }
    },
    "kind-of": {
      "version": "https://registry.npmjs.org/kind-of/-/kind-of-3.2.2.tgz",
      "integrity": "sha1-MeohpzS6ubuw8yRm2JOupR5KPGQ=",
      "dev": true,
      "requires": {
        "is-buffer": "https://registry.npmjs.org/is-buffer/-/is-buffer-1.1.5.tgz"
      }
    },
    "magic-string": {
      "version": "https://registry.npmjs.org/magic-string/-/magic-string-0.22.4.tgz",
      "integrity": "sha1-MQObTkA2Y5VhjB1s+Bk8U5F0df8=",
      "dev": true,
      "requires": {
        "vlq": "https://registry.npmjs.org/vlq/-/vlq-0.2.2.tgz"
      }
    },
    "micromatch": {
      "version": "https://registry.npmjs.org/micromatch/-/micromatch-2.3.11.tgz",
      "integrity": "sha1-hmd8l9FyCzY0MdBNDRUpO9OMFWU=",
      "dev": true,
      "requires": {
        "arr-diff": "https://registry.npmjs.org/arr-diff/-/arr-diff-2.0.0.tgz",
        "array-unique": "https://registry.npmjs.org/array-unique/-/array-unique-0.2.1.tgz",
        "braces": "https://registry.npmjs.org/braces/-/braces-1.8.5.tgz",
        "expand-brackets": "https://registry.npmjs.org/expand-brackets/-/expand-brackets-0.1.5.tgz",
        "extglob": "https://registry.npmjs.org/extglob/-/extglob-0.3.2.tgz",
        "filename-regex": "https://registry.npmjs.org/filename-regex/-/filename-regex-2.0.1.tgz",
        "is-extglob": "https://registry.npmjs.org/is-extglob/-/is-extglob-1.0.0.tgz",
        "is-glob": "https://registry.npmjs.org/is-glob/-/is-glob-2.0.1.tgz",
        "kind-of": "https://registry.npmjs.org/kind-of/-/kind-of-3.2.2.tgz",
        "normalize-path": "https://registry.npmjs.org/normalize-path/-/normalize-path-2.1.1.tgz",
        "object.omit": "https://registry.npmjs.org/object.omit/-/object.omit-2.0.1.tgz",
        "parse-glob": "https://registry.npmjs.org/parse-glob/-/parse-glob-3.0.4.tgz",
        "regex-cache": "https://registry.npmjs.org/regex-cache/-/regex-cache-0.4.4.tgz"
      }
    },
    "mini-signals": {
      "version": "1.2.0",
      "resolved": "https://registry.npmjs.org/mini-signals/-/mini-signals-1.2.0.tgz",
      "integrity": "sha1-RbCAE8X65RokqhqTXNMXye1yHXQ=",
      "dev": true
    },
    "minimatch": {
      "version": "https://registry.npmjs.org/minimatch/-/minimatch-3.0.4.tgz",
      "integrity": "sha1-UWbihkV/AzBgZL5Ul+jbsMPTIIM=",
      "dev": true,
      "requires": {
        "brace-expansion": "https://registry.npmjs.org/brace-expansion/-/brace-expansion-1.1.8.tgz"
      }
    },
    "normalize-path": {
      "version": "https://registry.npmjs.org/normalize-path/-/normalize-path-2.1.1.tgz",
      "integrity": "sha1-GrKLVW4Zg2Oowab35vogE3/mrtk=",
      "dev": true,
      "requires": {
        "remove-trailing-separator": "https://registry.npmjs.org/remove-trailing-separator/-/remove-trailing-separator-1.1.0.tgz"
      }
    },
    "object.omit": {
      "version": "https://registry.npmjs.org/object.omit/-/object.omit-2.0.1.tgz",
      "integrity": "sha1-Gpx0SCnznbuFjHbKNXmuKlTr0fo=",
      "dev": true,
      "requires": {
        "for-own": "https://registry.npmjs.org/for-own/-/for-own-0.1.5.tgz",
        "is-extendable": "https://registry.npmjs.org/is-extendable/-/is-extendable-0.1.1.tgz"
      }
    },
    "parse-glob": {
      "version": "https://registry.npmjs.org/parse-glob/-/parse-glob-3.0.4.tgz",
      "integrity": "sha1-ssN2z7EfNVE7rdFz7wu246OIORw=",
      "dev": true,
      "requires": {
        "glob-base": "https://registry.npmjs.org/glob-base/-/glob-base-0.3.0.tgz",
        "is-dotfile": "https://registry.npmjs.org/is-dotfile/-/is-dotfile-1.0.3.tgz",
        "is-extglob": "https://registry.npmjs.org/is-extglob/-/is-extglob-1.0.0.tgz",
        "is-glob": "https://registry.npmjs.org/is-glob/-/is-glob-2.0.1.tgz"
      }
    },
    "parse-uri": {
      "version": "1.0.0",
      "resolved": "https://registry.npmjs.org/parse-uri/-/parse-uri-1.0.0.tgz",
      "integrity": "sha1-KHLcwi8aeXrN4Vg9igrClVLdrCA=",
      "dev": true
    },
    "path-parse": {
      "version": "https://registry.npmjs.org/path-parse/-/path-parse-1.0.5.tgz",
      "integrity": "sha1-PBrfhx6pzWyUMbbqK9dKD/BVxME=",
      "dev": true
    },
    "preprocess": {
      "version": "https://registry.npmjs.org/preprocess/-/preprocess-3.1.0.tgz",
      "integrity": "sha1-pE5c3Vu7WlTwrSiaru2AmV19k4o=",
      "dev": true,
      "requires": {
        "xregexp": "https://registry.npmjs.org/xregexp/-/xregexp-3.1.0.tgz"
      }
    },
    "preserve": {
      "version": "https://registry.npmjs.org/preserve/-/preserve-0.2.0.tgz",
      "integrity": "sha1-gV7R9uvGWSb4ZbMQwHE7yzMVzks=",
      "dev": true
    },
    "randomatic": {
      "version": "https://registry.npmjs.org/randomatic/-/randomatic-1.1.7.tgz",
      "integrity": "sha1-x6vpzIuHwLqodrGf3oP9RkeX44w=",
      "dev": true,
      "requires": {
        "is-number": "https://registry.npmjs.org/is-number/-/is-number-3.0.0.tgz",
        "kind-of": "https://registry.npmjs.org/kind-of/-/kind-of-4.0.0.tgz"
      },
      "dependencies": {
        "is-number": {
          "version": "https://registry.npmjs.org/is-number/-/is-number-3.0.0.tgz",
          "integrity": "sha1-JP1iAaR4LPUFYcgQJ2r8fRLXEZU=",
          "dev": true,
          "requires": {
            "kind-of": "https://registry.npmjs.org/kind-of/-/kind-of-3.2.2.tgz"
          },
          "dependencies": {
            "kind-of": {
              "version": "https://registry.npmjs.org/kind-of/-/kind-of-3.2.2.tgz",
              "integrity": "sha1-MeohpzS6ubuw8yRm2JOupR5KPGQ=",
              "dev": true,
              "requires": {
                "is-buffer": "https://registry.npmjs.org/is-buffer/-/is-buffer-1.1.5.tgz"
              }
            }
          }
        },
        "kind-of": {
          "version": "https://registry.npmjs.org/kind-of/-/kind-of-4.0.0.tgz",
          "integrity": "sha1-IIE989cSkosgc3hpGkUGb65y3Vc=",
          "dev": true,
          "requires": {
            "is-buffer": "https://registry.npmjs.org/is-buffer/-/is-buffer-1.1.5.tgz"
          }
        }
      }
    },
    "regex-cache": {
      "version": "https://registry.npmjs.org/regex-cache/-/regex-cache-0.4.4.tgz",
      "integrity": "sha1-db3FiioUls7EihKDW8VMjVYjNt0=",
      "dev": true,
      "requires": {
        "is-equal-shallow": "https://registry.npmjs.org/is-equal-shallow/-/is-equal-shallow-0.1.3.tgz"
      }
    },
    "remove-trailing-separator": {
      "version": "https://registry.npmjs.org/remove-trailing-separator/-/remove-trailing-separator-1.1.0.tgz",
      "integrity": "sha1-wkvOKig62tW8P1jg1IJJuSN52O8=",
      "dev": true
    },
    "repeat-element": {
      "version": "https://registry.npmjs.org/repeat-element/-/repeat-element-1.1.2.tgz",
      "integrity": "sha1-7wiaF40Ug7quTZPrmLT55OEdmQo=",
      "dev": true
    },
    "repeat-string": {
      "version": "https://registry.npmjs.org/repeat-string/-/repeat-string-1.6.1.tgz",
      "integrity": "sha1-jcrkcOHIirwtYA//Sndihtp15jc=",
      "dev": true
    },
    "resolve": {
      "version": "https://registry.npmjs.org/resolve/-/resolve-1.4.0.tgz",
      "integrity": "sha1-p1vgHFPaJdk0qY69DkxKcxL5KoY=",
      "dev": true,
      "requires": {
        "path-parse": "https://registry.npmjs.org/path-parse/-/path-parse-1.0.5.tgz"
      }
    },
    "resource-loader": {
      "version": "2.0.9",
      "resolved": "https://registry.npmjs.org/resource-loader/-/resource-loader-2.0.9.tgz",
      "integrity": "sha1-ZdO1CpguSCYLrPg1KE4actl4gG0=",
      "dev": true,
      "requires": {
        "mini-signals": "1.2.0",
        "parse-uri": "1.0.0"
      }
    },
    "rollup": {
      "version": "https://registry.npmjs.org/rollup/-/rollup-0.50.0.tgz",
      "integrity": "sha1-TBWPTngObLM/8Nv8GEpSzFjNXzs=",
      "dev": true
    },
    "rollup-plugin-commonjs": {
      "version": "https://registry.npmjs.org/rollup-plugin-commonjs/-/rollup-plugin-commonjs-8.2.1.tgz",
      "integrity": "sha1-XkDHg3XrFjwUx2vOadoXUOWQWi4=",
      "dev": true,
      "requires": {
        "acorn": "https://registry.npmjs.org/acorn/-/acorn-5.1.2.tgz",
        "estree-walker": "https://registry.npmjs.org/estree-walker/-/estree-walker-0.5.0.tgz",
        "magic-string": "https://registry.npmjs.org/magic-string/-/magic-string-0.22.4.tgz",
        "resolve": "https://registry.npmjs.org/resolve/-/resolve-1.4.0.tgz",
        "rollup-pluginutils": "https://registry.npmjs.org/rollup-pluginutils/-/rollup-pluginutils-2.0.1.tgz"
      },
      "dependencies": {
        "estree-walker": {
          "version": "https://registry.npmjs.org/estree-walker/-/estree-walker-0.5.0.tgz",
          "integrity": "sha1-quO1fELeuAEONJyJJGLw5xxd0ao=",
          "dev": true
        },
        "rollup-pluginutils": {
          "version": "https://registry.npmjs.org/rollup-pluginutils/-/rollup-pluginutils-2.0.1.tgz",
          "integrity": "sha1-fslbNXP2VDpGpkYb2afFRFJdD8A=",
          "dev": true,
          "requires": {
            "estree-walker": "https://registry.npmjs.org/estree-walker/-/estree-walker-0.3.1.tgz",
            "micromatch": "https://registry.npmjs.org/micromatch/-/micromatch-2.3.11.tgz"
          },
          "dependencies": {
            "estree-walker": {
              "version": "https://registry.npmjs.org/estree-walker/-/estree-walker-0.3.1.tgz",
              "integrity": "sha1-5rGlHPcpJSTnI3wxLl/mZgwc4ao=",
              "dev": true
            }
          }
        }
      }
    },
    "rollup-plugin-node-resolve": {
      "version": "https://registry.npmjs.org/rollup-plugin-node-resolve/-/rollup-plugin-node-resolve-3.0.0.tgz",
      "integrity": "sha1-i4l8TDAw1QASd7BRSyXSygloPuA=",
      "dev": true,
      "requires": {
        "browser-resolve": "https://registry.npmjs.org/browser-resolve/-/browser-resolve-1.11.2.tgz",
        "builtin-modules": "https://registry.npmjs.org/builtin-modules/-/builtin-modules-1.1.1.tgz",
        "is-module": "https://registry.npmjs.org/is-module/-/is-module-1.0.0.tgz",
        "resolve": "https://registry.npmjs.org/resolve/-/resolve-1.4.0.tgz"
      }
    },
    "rollup-plugin-preprocess": {
      "version": "https://registry.npmjs.org/rollup-plugin-preprocess/-/rollup-plugin-preprocess-0.0.4.tgz",
      "integrity": "sha1-21I5FBMBxbdFBO8hV9DjFc88F2k=",
      "dev": true,
      "requires": {
        "preprocess": "https://registry.npmjs.org/preprocess/-/preprocess-3.1.0.tgz",
        "rollup-pluginutils": "https://registry.npmjs.org/rollup-pluginutils/-/rollup-pluginutils-2.0.1.tgz"
      },
      "dependencies": {
        "estree-walker": {
          "version": "https://registry.npmjs.org/estree-walker/-/estree-walker-0.3.1.tgz",
          "integrity": "sha1-5rGlHPcpJSTnI3wxLl/mZgwc4ao=",
          "dev": true
        },
        "rollup-pluginutils": {
          "version": "https://registry.npmjs.org/rollup-pluginutils/-/rollup-pluginutils-2.0.1.tgz",
          "integrity": "sha1-fslbNXP2VDpGpkYb2afFRFJdD8A=",
          "dev": true,
          "requires": {
            "estree-walker": "https://registry.npmjs.org/estree-walker/-/estree-walker-0.3.1.tgz",
            "micromatch": "https://registry.npmjs.org/micromatch/-/micromatch-2.3.11.tgz"
          }
        }
      }
    },
    "rollup-plugin-string": {
      "version": "https://registry.npmjs.org/rollup-plugin-string/-/rollup-plugin-string-2.0.2.tgz",
      "integrity": "sha1-9TI6Is/XOLRQy+piq2WTcF6sdEs=",
      "dev": true,
      "requires": {
        "rollup-pluginutils": "https://registry.npmjs.org/rollup-pluginutils/-/rollup-pluginutils-1.5.2.tgz"
      }
    },
    "rollup-plugin-typescript2": {
      "version": "https://registry.npmjs.org/rollup-plugin-typescript2/-/rollup-plugin-typescript2-0.7.0.tgz",
      "integrity": "sha1-Ez0NesWpIRGAVAxlCzL7tfaTAsA=",
      "dev": true,
      "requires": {
        "fs-extra": "https://registry.npmjs.org/fs-extra/-/fs-extra-4.0.2.tgz",
        "resolve": "https://registry.npmjs.org/resolve/-/resolve-1.4.0.tgz",
        "rollup-pluginutils": "https://registry.npmjs.org/rollup-pluginutils/-/rollup-pluginutils-2.0.1.tgz",
        "tslib": "https://registry.npmjs.org/tslib/-/tslib-1.7.1.tgz"
      },
      "dependencies": {
        "estree-walker": {
          "version": "https://registry.npmjs.org/estree-walker/-/estree-walker-0.3.1.tgz",
          "integrity": "sha1-5rGlHPcpJSTnI3wxLl/mZgwc4ao=",
          "dev": true
        },
        "rollup-pluginutils": {
          "version": "https://registry.npmjs.org/rollup-pluginutils/-/rollup-pluginutils-2.0.1.tgz",
          "integrity": "sha1-fslbNXP2VDpGpkYb2afFRFJdD8A=",
          "dev": true,
          "requires": {
            "estree-walker": "https://registry.npmjs.org/estree-walker/-/estree-walker-0.3.1.tgz",
            "micromatch": "https://registry.npmjs.org/micromatch/-/micromatch-2.3.11.tgz"
          }
        }
      }
    },
    "rollup-pluginutils": {
      "version": "https://registry.npmjs.org/rollup-pluginutils/-/rollup-pluginutils-1.5.2.tgz",
      "integrity": "sha1-HhVud4+UtyVb+hs9AXi+j1xVJAg=",
      "dev": true,
      "requires": {
        "estree-walker": "https://registry.npmjs.org/estree-walker/-/estree-walker-0.2.1.tgz",
        "minimatch": "https://registry.npmjs.org/minimatch/-/minimatch-3.0.4.tgz"
      }
    },
    "stats.js": {
      "version": "0.17.0",
      "resolved": "https://registry.npmjs.org/stats.js/-/stats.js-0.17.0.tgz",
      "integrity": "sha1-scPcRtlEmLV4t/05hbgaznExzH0=",
      "dev": true
    },
    "tslib": {
      "version": "https://registry.npmjs.org/tslib/-/tslib-1.7.1.tgz",
      "integrity": "sha1-vIAEFkaRkjp5/oN4u+s9ogF1OOw=",
      "dev": true
    },
    "typescript": {
      "version": "2.5.3",
      "resolved": "https://registry.npmjs.org/typescript/-/typescript-2.5.3.tgz",
      "integrity": "sha512-ptLSQs2S4QuS6/OD1eAKG+S5G8QQtrU5RT32JULdZQtM1L3WTi34Wsu48Yndzi8xsObRAB9RPt/KhA9wlpEF6w==",
      "dev": true
    },
    "universalify": {
      "version": "https://registry.npmjs.org/universalify/-/universalify-0.1.1.tgz",
      "integrity": "sha1-+nG63UQ3r0wUiEHjs7Fl+enlkLc=",
      "dev": true
    },
    "vlq": {
      "version": "https://registry.npmjs.org/vlq/-/vlq-0.2.2.tgz",
      "integrity": "sha1-4xbVJXtAuGu0PLjV/qXX9U1rDKE=",
      "dev": true
    },
    "xregexp": {
      "version": "https://registry.npmjs.org/xregexp/-/xregexp-3.1.0.tgz",
      "integrity": "sha1-FNhGHgvdOCJL/uUDmgiY/EL80zY=",
      "dev": true
    }
  }
}
